// !$*UTF8*$!
{
	archiveVersion = 1;
	classes = {
	};
	objectVersion = 55;
	objects = {

/* Begin PBXBuildFile section */
		016FE03F281A60C000209761 /* AppDelegate.swift in Sources */ = {isa = PBXBuildFile; fileRef = 016FE03E281A60C000209761 /* AppDelegate.swift */; };
		016FE041281A60C000209761 /* SceneDelegate.swift in Sources */ = {isa = PBXBuildFile; fileRef = 016FE040281A60C000209761 /* SceneDelegate.swift */; };
		016FE043281A60C000209761 /* CameraPickerVC.swift in Sources */ = {isa = PBXBuildFile; fileRef = 016FE042281A60C000209761 /* CameraPickerVC.swift */; };
		016FE046281A60C000209761 /* Main.storyboard in Resources */ = {isa = PBXBuildFile; fileRef = 016FE044281A60C000209761 /* Main.storyboard */; };
		016FE048281A60C200209761 /* Assets.xcassets in Resources */ = {isa = PBXBuildFile; fileRef = 016FE047281A60C200209761 /* Assets.xcassets */; };
		016FE04B281A60C200209761 /* LaunchScreen.storyboard in Resources */ = {isa = PBXBuildFile; fileRef = 016FE049281A60C200209761 /* LaunchScreen.storyboard */; };
		016FE053281BEBC600209761 /* Extensions.swift in Sources */ = {isa = PBXBuildFile; fileRef = 016FE052281BEBC600209761 /* Extensions.swift */; };
		016FE055281D044200209761 /* SimpleSlider.swift in Sources */ = {isa = PBXBuildFile; fileRef = 016FE054281D044200209761 /* SimpleSlider.swift */; };
/* End PBXBuildFile section */

/* Begin PBXFileReference section */
		016FE03B281A60C000209761 /* CameraColorPicker.app */ = {isa = PBXFileReference; explicitFileType = wrapper.application; includeInIndex = 0; path = CameraColorPicker.app; sourceTree = BUILT_PRODUCTS_DIR; };
		016FE03E281A60C000209761 /* AppDelegate.swift */ = {isa = PBXFileReference; lastKnownFileType = sourcecode.swift; path = AppDelegate.swift; sourceTree = "<group>"; };
		016FE040281A60C000209761 /* SceneDelegate.swift */ = {isa = PBXFileReference; lastKnownFileType = sourcecode.swift; path = SceneDelegate.swift; sourceTree = "<group>"; };
		016FE042281A60C000209761 /* CameraPickerVC.swift */ = {isa = PBXFileReference; lastKnownFileType = sourcecode.swift; path = CameraPickerVC.swift; sourceTree = "<group>"; };
		016FE045281A60C000209761 /* Base */ = {isa = PBXFileReference; lastKnownFileType = file.storyboard; name = Base; path = Base.lproj/Main.storyboard; sourceTree = "<group>"; };
		016FE047281A60C200209761 /* Assets.xcassets */ = {isa = PBXFileReference; lastKnownFileType = folder.assetcatalog; path = Assets.xcassets; sourceTree = "<group>"; };
		016FE04A281A60C200209761 /* Base */ = {isa = PBXFileReference; lastKnownFileType = file.storyboard; name = Base; path = Base.lproj/LaunchScreen.storyboard; sourceTree = "<group>"; };
		016FE04C281A60C200209761 /* Info.plist */ = {isa = PBXFileReference; lastKnownFileType = text.plist.xml; path = Info.plist; sourceTree = "<group>"; };
		016FE052281BEBC600209761 /* Extensions.swift */ = {isa = PBXFileReference; lastKnownFileType = sourcecode.swift; path = Extensions.swift; sourceTree = "<group>"; };
		016FE054281D044200209761 /* SimpleSlider.swift */ = {isa = PBXFileReference; lastKnownFileType = sourcecode.swift; path = SimpleSlider.swift; sourceTree = "<group>"; };
/* End PBXFileReference section */

/* Begin PBXFrameworksBuildPhase section */
		016FE038281A60C000209761 /* Frameworks */ = {
			isa = PBXFrameworksBuildPhase;
			buildActionMask = 2147483647;
			files = (
			);
			runOnlyForDeploymentPostprocessing = 0;
		};
/* End PBXFrameworksBuildPhase section */

/* Begin PBXGroup section */
		016FE032281A60C000209761 = {
			isa = PBXGroup;
			children = (
				016FE03D281A60C000209761 /* CameraColorPicker */,
				016FE03C281A60C000209761 /* Products */,
			);
			sourceTree = "<group>";
		};
		016FE03C281A60C000209761 /* Products */ = {
			isa = PBXGroup;
			children = (
				016FE03B281A60C000209761 /* CameraColorPicker.app */,
			);
			name = Products;
			sourceTree = "<group>";
		};
		016FE03D281A60C000209761 /* CameraColorPicker */ = {
			isa = PBXGroup;
			children = (
				016FE052281BEBC600209761 /* Extensions.swift */,
				016FE03E281A60C000209761 /* AppDelegate.swift */,
				016FE040281A60C000209761 /* SceneDelegate.swift */,
				016FE042281A60C000209761 /* CameraPickerVC.swift */,
				016FE054281D044200209761 /* SimpleSlider.swift */,
				016FE044281A60C000209761 /* Main.storyboard */,
				016FE047281A60C200209761 /* Assets.xcassets */,
				016FE049281A60C200209761 /* LaunchScreen.storyboard */,
				016FE04C281A60C200209761 /* Info.plist */,
			);
			path = CameraColorPicker;
			sourceTree = "<group>";
		};
/* End PBXGroup section */

/* Begin PBXNativeTarget section */
		016FE03A281A60C000209761 /* CameraColorPicker */ = {
			isa = PBXNativeTarget;
			buildConfigurationList = 016FE04F281A60C200209761 /* Build configuration list for PBXNativeTarget "CameraColorPicker" */;
			buildPhases = (
				016FE037281A60C000209761 /* Sources */,
				016FE038281A60C000209761 /* Frameworks */,
				016FE039281A60C000209761 /* Resources */,
			);
			buildRules = (
			);
			dependencies = (
			);
			name = CameraColorPicker;
			productName = CameraColorPicker;
			productReference = 016FE03B281A60C000209761 /* CameraColorPicker.app */;
			productType = "com.apple.product-type.application";
		};
/* End PBXNativeTarget section */

/* Begin PBXProject section */
		016FE033281A60C000209761 /* Project object */ = {
			isa = PBXProject;
			attributes = {
				BuildIndependentTargetsInParallel = 1;
				LastSwiftUpdateCheck = 1330;
				LastUpgradeCheck = 1330;
				TargetAttributes = {
					016FE03A281A60C000209761 = {
						CreatedOnToolsVersion = 13.3;
					};
				};
			};
			buildConfigurationList = 016FE036281A60C000209761 /* Build configuration list for PBXProject "CameraColorPicker" */;
			compatibilityVersion = "Xcode 13.0";
			developmentRegion = en;
			hasScannedForEncodings = 0;
			knownRegions = (
				en,
				Base,
			);
			mainGroup = 016FE032281A60C000209761;
			productRefGroup = 016FE03C281A60C000209761 /* Products */;
			projectDirPath = "";
			projectRoot = "";
			targets = (
				016FE03A281A60C000209761 /* CameraColorPicker */,
			);
		};
/* End PBXProject section */

/* Begin PBXResourcesBuildPhase section */
		016FE039281A60C000209761 /* Resources */ = {
			isa = PBXResourcesBuildPhase;
			buildActionMask = 2147483647;
			files = (
				016FE04B281A60C200209761 /* LaunchScreen.storyboard in Resources */,
				016FE048281A60C200209761 /* Assets.xcassets in Resources */,
				016FE046281A60C000209761 /* Main.storyboard in Resources */,
			);
			runOnlyForDeploymentPostprocessing = 0;
		};
/* End PBXResourcesBuildPhase section */

/* Begin PBXSourcesBuildPhase section */
		016FE037281A60C000209761 /* Sources */ = {
			isa = PBXSourcesBuildPhase;
			buildActionMask = 2147483647;
			files = (
				016FE055281D044200209761 /* SimpleSlider.swift in Sources */,
				016FE043281A60C000209761 /* CameraPickerVC.swift in Sources */,
				016FE03F281A60C000209761 /* AppDelegate.swift in Sources */,
				016FE041281A60C000209761 /* SceneDelegate.swift in Sources */,
				016FE053281BEBC600209761 /* Extensions.swift in Sources */,
			);
			runOnlyForDeploymentPostprocessing = 0;
		};
/* End PBXSourcesBuildPhase section */

/* Begin PBXVariantGroup section */
		016FE044281A60C000209761 /* Main.storyboard */ = {
			isa = PBXVariantGroup;
			children = (
				016FE045281A60C000209761 /* Base */,
			);
			name = Main.storyboard;
			sourceTree = "<group>";
		};
		016FE049281A60C200209761 /* LaunchScreen.storyboard */ = {
			isa = PBXVariantGroup;
			children = (
				016FE04A281A60C200209761 /* Base */,
			);
			name = LaunchScreen.storyboard;
			sourceTree = "<group>";
		};
/* End PBXVariantGroup section */

/* Begin XCBuildConfiguration section */
		016FE04D281A60C200209761 /* Debug */ = {
			isa = XCBuildConfiguration;
			buildSettings = {
				ALWAYS_SEARCH_USER_PATHS = NO;
				CLANG_ANALYZER_NONNULL = YES;
				CLANG_ANALYZER_NUMBER_OBJECT_CONVERSION = YES_AGGRESSIVE;
				CLANG_CXX_LANGUAGE_STANDARD = "gnu++17";
				CLANG_ENABLE_MODULES = YES;
				CLANG_ENABLE_OBJC_ARC = YES;
				CLANG_ENABLE_OBJC_WEAK = YES;
				CLANG_WARN_BLOCK_CAPTURE_AUTORELEASING = YES;
				CLANG_WARN_BOOL_CONVERSION = YES;
				CLANG_WARN_COMMA = YES;
				CLANG_WARN_CONSTANT_CONVERSION = YES;
				CLANG_WARN_DEPRECATED_OBJC_IMPLEMENTATIONS = YES;
				CLANG_WARN_DIRECT_OBJC_ISA_USAGE = YES_ERROR;
				CLANG_WARN_DOCUMENTATION_COMMENTS = YES;
				CLANG_WARN_EMPTY_BODY = YES;
				CLANG_WARN_ENUM_CONVERSION = YES;
				CLANG_WARN_INFINITE_RECURSION = YES;
				CLANG_WARN_INT_CONVERSION = YES;
				CLANG_WARN_NON_LITERAL_NULL_CONVERSION = YES;
				CLANG_WARN_OBJC_IMPLICIT_RETAIN_SELF = YES;
				CLANG_WARN_OBJC_LITERAL_CONVERSION = YES;
				CLANG_WARN_OBJC_ROOT_CLASS = YES_ERROR;
				CLANG_WARN_QUOTED_INCLUDE_IN_FRAMEWORK_HEADER = YES;
				CLANG_WARN_RANGE_LOOP_ANALYSIS = YES;
				CLANG_WARN_STRICT_PROTOTYPES = YES;
				CLANG_WARN_SUSPICIOUS_MOVE = YES;
				CLANG_WARN_UNGUARDED_AVAILABILITY = YES_AGGRESSIVE;
				CLANG_WARN_UNREACHABLE_CODE = YES;
				CLANG_WARN__DUPLICATE_METHOD_MATCH = YES;
				COPY_PHASE_STRIP = NO;
				DEBUG_INFORMATION_FORMAT = dwarf;
				ENABLE_STRICT_OBJC_MSGSEND = YES;
				ENABLE_TESTABILITY = YES;
				GCC_C_LANGUAGE_STANDARD = gnu11;
				GCC_DYNAMIC_NO_PIC = NO;
				GCC_NO_COMMON_BLOCKS = YES;
				GCC_OPTIMIZATION_LEVEL = 0;
				GCC_PREPROCESSOR_DEFINITIONS = (
					"DEBUG=1",
					"$(inherited)",
				);
				GCC_WARN_64_TO_32_BIT_CONVERSION = YES;
				GCC_WARN_ABOUT_RETURN_TYPE = YES_ERROR;
				GCC_WARN_UNDECLARED_SELECTOR = YES;
				GCC_WARN_UNINITIALIZED_AUTOS = YES_AGGRESSIVE;
				GCC_WARN_UNUSED_FUNCTION = YES;
				GCC_WARN_UNUSED_VARIABLE = YES;
				IPHONEOS_DEPLOYMENT_TARGET = 15.4;
				MTL_ENABLE_DEBUG_INFO = INCLUDE_SOURCE;
				MTL_FAST_MATH = YES;
				ONLY_ACTIVE_ARCH = YES;
				SDKROOT = iphoneos;
				SWIFT_ACTIVE_COMPILATION_CONDITIONS = DEBUG;
				SWIFT_OPTIMIZATION_LEVEL = "-Onone";
			};
			name = Debug;
		};
		016FE04E281A60C200209761 /* Release */ = {
			isa = XCBuildConfiguration;
			buildSettings = {
				ALWAYS_SEARCH_USER_PATHS = NO;
				CLANG_ANALYZER_NONNULL = YES;
				CLANG_ANALYZER_NUMBER_OBJECT_CONVERSION = YES_AGGRESSIVE;
				CLANG_CXX_LANGUAGE_STANDARD = "gnu++17";
				CLANG_ENABLE_MODULES = YES;
				CLANG_ENABLE_OBJC_ARC = YES;
				CLANG_ENABLE_OBJC_WEAK = YES;
				CLANG_WARN_BLOCK_CAPTURE_AUTORELEASING = YES;
				CLANG_WARN_BOOL_CONVERSION = YES;
				CLANG_WARN_COMMA = YES;
				CLANG_WARN_CONSTANT_CONVERSION = YES;
				CLANG_WARN_DEPRECATED_OBJC_IMPLEMENTATIONS = YES;
				CLANG_WARN_DIRECT_OBJC_ISA_USAGE = YES_ERROR;
				CLANG_WARN_DOCUMENTATION_COMMENTS = YES;
				CLANG_WARN_EMPTY_BODY = YES;
				CLANG_WARN_ENUM_CONVERSION = YES;
				CLANG_WARN_INFINITE_RECURSION = YES;
				CLANG_WARN_INT_CONVERSION = YES;
				CLANG_WARN_NON_LITERAL_NULL_CONVERSION = YES;
				CLANG_WARN_OBJC_IMPLICIT_RETAIN_SELF = YES;
				CLANG_WARN_OBJC_LITERAL_CONVERSION = YES;
				CLANG_WARN_OBJC_ROOT_CLASS = YES_ERROR;
				CLANG_WARN_QUOTED_INCLUDE_IN_FRAMEWORK_HEADER = YES;
				CLANG_WARN_RANGE_LOOP_ANALYSIS = YES;
				CLANG_WARN_STRICT_PROTOTYPES = YES;
				CLANG_WARN_SUSPICIOUS_MOVE = YES;
				CLANG_WARN_UNGUARDED_AVAILABILITY = YES_AGGRESSIVE;
				CLANG_WARN_UNREACHABLE_CODE = YES;
				CLANG_WARN__DUPLICATE_METHOD_MATCH = YES;
				COPY_PHASE_STRIP = NO;
				DEBUG_INFORMATION_FORMAT = "dwarf-with-dsym";
				ENABLE_NS_ASSERTIONS = NO;
				ENABLE_STRICT_OBJC_MSGSEND = YES;
				GCC_C_LANGUAGE_STANDARD = gnu11;
				GCC_NO_COMMON_BLOCKS = YES;
				GCC_WARN_64_TO_32_BIT_CONVERSION = YES;
				GCC_WARN_ABOUT_RETURN_TYPE = YES_ERROR;
				GCC_WARN_UNDECLARED_SELECTOR = YES;
				GCC_WARN_UNINITIALIZED_AUTOS = YES_AGGRESSIVE;
				GCC_WARN_UNUSED_FUNCTION = YES;
				GCC_WARN_UNUSED_VARIABLE = YES;
				IPHONEOS_DEPLOYMENT_TARGET = 15.4;
				MTL_ENABLE_DEBUG_INFO = NO;
				MTL_FAST_MATH = YES;
				SDKROOT = iphoneos;
				SWIFT_COMPILATION_MODE = wholemodule;
				SWIFT_OPTIMIZATION_LEVEL = "-O";
				VALIDATE_PRODUCT = YES;
			};
			name = Release;
		};
		016FE050281A60C200209761 /* Debug */ = {
			isa = XCBuildConfiguration;
			buildSettings = {
				ASSETCATALOG_COMPILER_APPICON_NAME = AppIcon;
				ASSETCATALOG_COMPILER_GLOBAL_ACCENT_COLOR_NAME = AccentColor;
				CODE_SIGN_STYLE = Automatic;
				CURRENT_PROJECT_VERSION = 1;
				DEVELOPMENT_TEAM = JHM59G7G3E;
				GENERATE_INFOPLIST_FILE = YES;
				INFOPLIST_FILE = CameraColorPicker/Info.plist;
				INFOPLIST_KEY_CFBundleDisplayName = "Camera picker";
				INFOPLIST_KEY_NSCameraUsageDescription = "Need access to camera to pick color";
				INFOPLIST_KEY_UIApplicationSupportsIndirectInputEvents = YES;
				INFOPLIST_KEY_UILaunchStoryboardName = LaunchScreen;
				INFOPLIST_KEY_UIMainStoryboardFile = Main;
				INFOPLIST_KEY_UISupportedInterfaceOrientations_iPad = "UIInterfaceOrientationPortrait UIInterfaceOrientationPortraitUpsideDown UIInterfaceOrientationLandscapeLeft UIInterfaceOrientationLandscapeRight";
				INFOPLIST_KEY_UISupportedInterfaceOrientations_iPhone = "UIInterfaceOrientationPortrait UIInterfaceOrientationLandscapeLeft UIInterfaceOrientationLandscapeRight";
				LD_RUNPATH_SEARCH_PATHS = (
					"$(inherited)",
					"@executable_path/Frameworks",
				);
				MARKETING_VERSION = 1.0;
				PRODUCT_BUNDLE_IDENTIFIER = com.nick.CameraColorPicker;
				PRODUCT_NAME = "$(TARGET_NAME)";
				SWIFT_EMIT_LOC_STRINGS = YES;
				SWIFT_VERSION = 5.0;
				TARGETED_DEVICE_FAMILY = 1;
			};
			name = Debug;
		};
		016FE051281A60C200209761 /* Release */ = {
			isa = XCBuildConfiguration;
			buildSettings = {
				ASSETCATALOG_COMPILER_APPICON_NAME = AppIcon;
				ASSETCATALOG_COMPILER_GLOBAL_ACCENT_COLOR_NAME = AccentColor;
				CODE_SIGN_STYLE = Automatic;
				CURRENT_PROJECT_VERSION = 1;
				DEVELOPMENT_TEAM = JHM59G7G3E;
				GENERATE_INFOPLIST_FILE = YES;
				INFOPLIST_FILE = CameraColorPicker/Info.plist;
				INFOPLIST_KEY_CFBundleDisplayName = "Camera picker";
				INFOPLIST_KEY_NSCameraUsageDescription = "Need access to camera to pick color";
				INFOPLIST_KEY_UIApplicationSupportsIndirectInputEvents = YES;
				INFOPLIST_KEY_UILaunchStoryboardName = LaunchScreen;
				INFOPLIST_KEY_UIMainStoryboardFile = Main;
				INFOPLIST_KEY_UISupportedInterfaceOrientations_iPad = "UIInterfaceOrientationPortrait UIInterfaceOrientationPortraitUpsideDown UIInterfaceOrientationLandscapeLeft UIInterfaceOrientationLandscapeRight";
				INFOPLIST_KEY_UISupportedInterfaceOrientations_iPhone = "UIInterfaceOrientationPortrait UIInterfaceOrientationLandscapeLeft UIInterfaceOrientationLandscapeRight";
				LD_RUNPATH_SEARCH_PATHS = (
					"$(inherited)",
					"@executable_path/Frameworks",
				);
				MARKETING_VERSION = 1.0;
				PRODUCT_BUNDLE_IDENTIFIER = com.nick.CameraColorPicker;
				PRODUCT_NAME = "$(TARGET_NAME)";
				SWIFT_EMIT_LOC_STRINGS = YES;
				SWIFT_VERSION = 5.0;
				TARGETED_DEVICE_FAMILY = 1;
			};
			name = Release;
		};
/* End XCBuildConfiguration section */

/* Begin XCConfigurationList section */
		016FE036281A60C000209761 /* Build configuration list for PBXProject "CameraColorPicker" */ = {
			isa = XCConfigurationList;
			buildConfigurations = (
				016FE04D281A60C200209761 /* Debug */,
				016FE04E281A60C200209761 /* Release */,
			);
			defaultConfigurationIsVisible = 0;
			defaultConfigurationName = Release;
		};
		016FE04F281A60C200209761 /* Build configuration list for PBXNativeTarget "CameraColorPicker" */ = {
			isa = XCConfigurationList;
			buildConfigurations = (
				016FE050281A60C200209761 /* Debug */,
				016FE051281A60C200209761 /* Release */,
			);
			defaultConfigurationIsVisible = 0;
			defaultConfigurationName = Release;
		};
/* End XCConfigurationList section */
	};
	rootObject = 016FE033281A60C000209761 /* Project object */;
}
